{
	"name": "frontend",
	"version": "0.0.1",
	"lockfileVersion": 2,
	"requires": true,
	"packages": {
		"": {
			"name": "frontend",
			"version": "0.0.1",
			"dependencies": {
				"axios": "^0.26.1",
				"clsx": "^1.1.1",
				"next": "^12.1.3-canary.0",
				"react": "^17.0.2",
				"react-dom": "^17.0.2",
				"sass": "^1.49.9"
			},
			"devDependencies": {
				"@swc/core": "^1.2.161",
				"@types/node": "17.0.23",
				"@types/react": "17.0.43",
				"@types/react-dom": "17.0.14",
				"typescript": "4.6.3"
			}
		},
		"node_modules/@next/env": {
			"version": "12.1.3-canary.0",
			"resolved": "https://registry.npmjs.org/@next/env/-/env-12.1.3-canary.0.tgz",
			"integrity": "sha512-7Ejk2IqDasnyA9UdhQbto+s0EYbFUZIaHjz0nCjXTwKc7MaQa2Rhw2aVdqLCG43CtZuVn+BgR1FsM9c1thObAg=="
		},
		"node_modules/@next/swc-android-arm-eabi": {
			"version": "12.1.3-canary.0",
			"resolved": "https://registry.npmjs.org/@next/swc-android-arm-eabi/-/swc-android-arm-eabi-12.1.3-canary.0.tgz",
			"integrity": "sha512-8/u8oxe8Jam+kS3ULy8522bFJxnOr7gf8qPQvyENtgat08bJVbJk2WYuteP0uW3XVK3Shf9Q/5Mrs2gAEvcJDg==",
			"cpu": [
				"arm"
			],
			"optional": true,
			"os": [
				"android"
			],
			"engines": {
				"node": ">= 10"
			}
		},
		"node_modules/@next/swc-android-arm64": {
			"version": "12.1.3-canary.0",
			"resolved": "https://registry.npmjs.org/@next/swc-android-arm64/-/swc-android-arm64-12.1.3-canary.0.tgz",
			"integrity": "sha512-b4yZDQpj6bY66LW7cHpNln/wxbqCIwoYNC4OK/iKwfPhNYBHxj58KTQMV5ZSW8+klZ4NvIE+MaBq7iupBDZJkQ==",
			"cpu": [
				"arm64"
			],
			"optional": true,
			"os": [
				"android"
			],
			"engines": {
				"node": ">= 10"
			}
		},
		"node_modules/@next/swc-darwin-arm64": {
			"version": "12.1.3-canary.0",
			"resolved": "https://registry.npmjs.org/@next/swc-darwin-arm64/-/swc-darwin-arm64-12.1.3-canary.0.tgz",
			"integrity": "sha512-jZDjfUlVpRR7FAPBiCQ/RyrDMO8x654SBFvISs82hk1AmsFz23F5lPTPwuPuVNjnEck6HthFHjiNtojpmnPi/Q==",
			"cpu": [
				"arm64"
			],
			"optional": true,
			"os": [
				"darwin"
			],
			"engines": {
				"node": ">= 10"
			}
		},
		"node_modules/@next/swc-darwin-x64": {
			"version": "12.1.3-canary.0",
			"resolved": "https://registry.npmjs.org/@next/swc-darwin-x64/-/swc-darwin-x64-12.1.3-canary.0.tgz",
			"integrity": "sha512-IuQwQpo2rICtfTa81MnDodjKj7a2rBbaG4bRMVLGl2eERQBu2Yb278oxHcvcW+5QU//BLIUNZnO6Ri1VBlIitQ==",
			"cpu": [
				"x64"
			],
			"optional": true,
			"os": [
				"darwin"
			],
			"engines": {
				"node": ">= 10"
			}
		},
		"node_modules/@next/swc-linux-arm-gnueabihf": {
			"version": "12.1.3-canary.0",
			"resolved": "https://registry.npmjs.org/@next/swc-linux-arm-gnueabihf/-/swc-linux-arm-gnueabihf-12.1.3-canary.0.tgz",
			"integrity": "sha512-U33DmSXrTZT383KmeT2llBeGghXZ77fQlafcGkGIS+a8WhFTTZIB9/+A2kbIJNMdrEmow3NZ7PM8tammBjMcrQ==",
			"cpu": [
				"arm"
			],
			"optional": true,
			"os": [
				"linux"
			],
			"engines": {
				"node": ">= 10"
			}
		},
		"node_modules/@next/swc-linux-arm64-gnu": {
			"version": "12.1.3-canary.0",
			"resolved": "https://registry.npmjs.org/@next/swc-linux-arm64-gnu/-/swc-linux-arm64-gnu-12.1.3-canary.0.tgz",
			"integrity": "sha512-z3ljaxtRycZbzP9hK15sGILjQsICwAjYBr3oMofBjCbWko+/EgkBhMvRFcwUj/y5IwBI/qY9EQo62pAZFFeZIg==",
			"cpu": [
				"arm64"
			],
			"optional": true,
			"os": [
				"linux"
			],
			"engines": {
				"node": ">= 10"
			}
		},
		"node_modules/@next/swc-linux-arm64-musl": {
			"version": "12.1.3-canary.0",
			"resolved": "https://registry.npmjs.org/@next/swc-linux-arm64-musl/-/swc-linux-arm64-musl-12.1.3-canary.0.tgz",
			"integrity": "sha512-I0zZ6i8lwrS1PbJl3IeEUkwLKFKOpLvzWRoS45bO5GF6FK11aKmqgzYsKOPMuIEDayJQvwJa1Gh8itrMxtOaHg==",
			"cpu": [
				"arm64"
			],
			"optional": true,
			"os": [
				"linux"
			],
			"engines": {
				"node": ">= 10"
			}
		},
		"node_modules/@next/swc-linux-x64-gnu": {
			"version": "12.1.3-canary.0",
			"resolved": "https://registry.npmjs.org/@next/swc-linux-x64-gnu/-/swc-linux-x64-gnu-12.1.3-canary.0.tgz",
			"integrity": "sha512-Ib/+b7g193uysuVoYG+PUrvOgLCtrZwQR+d9hf2weKu901+MM1cL+pQtPjJDLEQxUItPqRU4VMQYmV41CqDt+g==",
			"cpu": [
				"x64"
			],
			"optional": true,
			"os": [
				"linux"
			],
			"engines": {
				"node": ">= 10"
			}
		},
		"node_modules/@next/swc-linux-x64-musl": {
			"version": "12.1.3-canary.0",
			"resolved": "https://registry.npmjs.org/@next/swc-linux-x64-musl/-/swc-linux-x64-musl-12.1.3-canary.0.tgz",
			"integrity": "sha512-6cRwQvhEqx94Wm9dBSAT2AHhU6ew0Lmp+4P1xA8TcuJlGlUDwyWP/9G67uq2fnCHcVnzi4ZgFBzO0Qg/sRekxg==",
			"cpu": [
				"x64"
			],
			"optional": true,
			"os": [
				"linux"
			],
			"engines": {
				"node": ">= 10"
			}
		},
		"node_modules/@next/swc-win32-arm64-msvc": {
			"version": "12.1.3-canary.0",
			"resolved": "https://registry.npmjs.org/@next/swc-win32-arm64-msvc/-/swc-win32-arm64-msvc-12.1.3-canary.0.tgz",
			"integrity": "sha512-l7IkgaFbRicpTi779LKqUzOCPPC0eIcUX8nmH1LT+V6KlQm/wF4CMJtlS4M4OKdLOTovYv8KdRMczTKf7bEaYQ==",
			"cpu": [
				"arm64"
			],
			"optional": true,
			"os": [
				"win32"
			],
			"engines": {
				"node": ">= 10"
			}
		},
		"node_modules/@next/swc-win32-ia32-msvc": {
			"version": "12.1.3-canary.0",
			"resolved": "https://registry.npmjs.org/@next/swc-win32-ia32-msvc/-/swc-win32-ia32-msvc-12.1.3-canary.0.tgz",
			"integrity": "sha512-zTa0eWv23I1w7iin977jjcPMfDox0SUoDxveIfVbsycHIhdGlFMC1QpoO8nyVJVpJXCAjFNlQprG1urQLaGv1g==",
			"cpu": [
				"ia32"
			],
			"optional": true,
			"os": [
				"win32"
			],
			"engines": {
				"node": ">= 10"
			}
		},
		"node_modules/@next/swc-win32-x64-msvc": {
			"version": "12.1.3-canary.0",
			"resolved": "https://registry.npmjs.org/@next/swc-win32-x64-msvc/-/swc-win32-x64-msvc-12.1.3-canary.0.tgz",
			"integrity": "sha512-qc87SjlHt4KT0r1TlGYB7gH38Ai+Wt4dsSuWa8xqsr94xdur7UeCNfZjeu319nD9SRtg3W6Tf6F6RfhG8GmQxA==",
			"cpu": [
				"x64"
			],
			"optional": true,
			"os": [
				"win32"
			],
			"engines": {
				"node": ">= 10"
			}
		},
		"node_modules/@swc/core": {
			"version": "1.2.161",
			"resolved": "https://registry.npmjs.org/@swc/core/-/core-1.2.161.tgz",
			"integrity": "sha512-RXv1y2HDqZ4gAjdvqV0KL1Oms8vUkDgXRU5SPOEa3zMzMDNKHvRfoiBk4ZyaGzhGcr0zflqT4EADKgTB8RFNsw==",
			"dev": true,
			"bin": {
				"swcx": "run_swcx.js"
			},
			"engines": {
				"node": ">=10"
			},
			"funding": {
				"type": "opencollective",
				"url": "https://opencollective.com/swc"
			},
			"optionalDependencies": {
				"@swc/core-android-arm-eabi": "1.2.161",
				"@swc/core-android-arm64": "1.2.161",
				"@swc/core-darwin-arm64": "1.2.161",
				"@swc/core-darwin-x64": "1.2.161",
				"@swc/core-freebsd-x64": "1.2.161",
				"@swc/core-linux-arm-gnueabihf": "1.2.161",
				"@swc/core-linux-arm64-gnu": "1.2.161",
				"@swc/core-linux-arm64-musl": "1.2.161",
				"@swc/core-linux-x64-gnu": "1.2.161",
				"@swc/core-linux-x64-musl": "1.2.161",
				"@swc/core-win32-arm64-msvc": "1.2.161",
				"@swc/core-win32-ia32-msvc": "1.2.161",
				"@swc/core-win32-x64-msvc": "1.2.161"
			}
		},
		"node_modules/@swc/core-android-arm-eabi": {
			"version": "1.2.161",
			"resolved": "https://registry.npmjs.org/@swc/core-android-arm-eabi/-/core-android-arm-eabi-1.2.161.tgz",
			"integrity": "sha512-SYm08FusdMo70JaKEYE7GpJHVp020iqPL3FjYEmQ+iyhc0Id8RlMeFt7ZtIj0aYHPKudR3GljzG5FVJXmm1Iuw==",
			"cpu": [
				"arm"
			],
			"dev": true,
			"optional": true,
			"os": [
				"android"
			],
			"engines": {
				"node": ">=10"
			}
		},
		"node_modules/@swc/core-android-arm64": {
			"version": "1.2.161",
			"resolved": "https://registry.npmjs.org/@swc/core-android-arm64/-/core-android-arm64-1.2.161.tgz",
			"integrity": "sha512-zk+GgVGKwIO9PsUcLZ7tG1XGGBJ/xyv5Or9/R0rQArBTGS5mvSK4d+9XrItQph8i3ECZhik3PuexmR7us6ysCw==",
			"cpu": [
				"arm64"
			],
			"dev": true,
			"optional": true,
			"os": [
				"android"
			],
			"engines": {
				"node": ">=10"
			}
		},
		"node_modules/@swc/core-darwin-arm64": {
			"version": "1.2.161",
			"resolved": "https://registry.npmjs.org/@swc/core-darwin-arm64/-/core-darwin-arm64-1.2.161.tgz",
			"integrity": "sha512-pf65TWy9oFkWCRzRq16Ec6rglurdajWT5tv1E93Kh4izEFLvKN/Mp+8EMnqOcoAn+HEtjzp2R6NosBruV/d1Ww==",
			"cpu": [
				"arm64"
			],
			"dev": true,
			"optional": true,
			"os": [
				"darwin"
			],
			"engines": {
				"node": ">=10"
			}
		},
		"node_modules/@swc/core-darwin-x64": {
			"version": "1.2.161",
			"resolved": "https://registry.npmjs.org/@swc/core-darwin-x64/-/core-darwin-x64-1.2.161.tgz",
			"integrity": "sha512-QdgsY+BjYO0ngSIwR/xZn6W3iP0E/+of38Afon3maANDiKzvzsvyZm4IVTznOaxG1ZUJ/q1oKeRV/DcW7QvHiw==",
			"cpu": [
				"x64"
			],
			"dev": true,
			"optional": true,
			"os": [
				"darwin"
			],
			"engines": {
				"node": ">=10"
			}
		},
		"node_modules/@swc/core-freebsd-x64": {
			"version": "1.2.161",
			"resolved": "https://registry.npmjs.org/@swc/core-freebsd-x64/-/core-freebsd-x64-1.2.161.tgz",
			"integrity": "sha512-yApHncnlQNQINxxcz+Y+svlrdU3d/yaJ769eoThIQXsZTL0Il3gnhhkjJkMEigLTexpQZQOGjgYnV9HKkpYqkw==",
			"cpu": [
				"x64"
			],
			"dev": true,
			"optional": true,
			"os": [
				"freebsd"
			],
			"engines": {
				"node": ">=10"
			}
		},
		"node_modules/@swc/core-linux-arm-gnueabihf": {
			"version": "1.2.161",
			"resolved": "https://registry.npmjs.org/@swc/core-linux-arm-gnueabihf/-/core-linux-arm-gnueabihf-1.2.161.tgz",
			"integrity": "sha512-DGSKqKSBQ42mAMmPhWkfgzXaci4RU0XgmnO1bFVkl8Yw9TaxBBBeCbLIBYJik4DehOOYic9gtXZIfEs90+oc2w==",
			"cpu": [
				"arm"
			],
			"dev": true,
			"optional": true,
			"os": [
				"linux"
			],
			"engines": {
				"node": ">=10"
			}
		},
		"node_modules/@swc/core-linux-arm64-gnu": {
			"version": "1.2.161",
			"resolved": "https://registry.npmjs.org/@swc/core-linux-arm64-gnu/-/core-linux-arm64-gnu-1.2.161.tgz",
			"integrity": "sha512-wdEPjBLuf0bUMafURrUN11MOGs7PHnedWOFAfvyRuNf4HdfwbS2nYDpFCL4mklN8BuprxvRFWfoA+ROigexK4g==",
			"cpu": [
				"arm64"
			],
			"dev": true,
			"optional": true,
			"os": [
				"linux"
			],
			"engines": {
				"node": ">=10"
			}
		},
		"node_modules/@swc/core-linux-arm64-musl": {
			"version": "1.2.161",
			"resolved": "https://registry.npmjs.org/@swc/core-linux-arm64-musl/-/core-linux-arm64-musl-1.2.161.tgz",
			"integrity": "sha512-EPwDDlAIchv1FG1Vc2ArUGsX2b87LSEXHjF59TuOj+oXOANHnFRQa/28wHpeMYN5lHYmyjMplfn37XYLMo8BDw==",
			"cpu": [
				"arm64"
			],
			"dev": true,
			"optional": true,
			"os": [
				"linux"
			],
			"engines": {
				"node": ">=10"
			}
		},
		"node_modules/@swc/core-linux-x64-gnu": {
			"version": "1.2.161",
			"resolved": "https://registry.npmjs.org/@swc/core-linux-x64-gnu/-/core-linux-x64-gnu-1.2.161.tgz",
			"integrity": "sha512-UE+8n2PLCojxywQd1nPbMcus/3zLQjg05Oozrvl1IkHBssk89tk2GhLujUwbFS+MoGFPKAmL+wT+9lXHavK7Og==",
			"cpu": [
				"x64"
			],
			"dev": true,
			"optional": true,
			"os": [
				"linux"
			],
			"engines": {
				"node": ">=10"
			}
		},
		"node_modules/@swc/core-linux-x64-musl": {
			"version": "1.2.161",
			"resolved": "https://registry.npmjs.org/@swc/core-linux-x64-musl/-/core-linux-x64-musl-1.2.161.tgz",
			"integrity": "sha512-mkshCdRhS5s1w1Koph/kS8EJVEmrq+/p4iLsLDozXi1RL16lzk5SYn4ppmzF/Zj9OpgJ+Nzk7kNcZMMJMVIwqw==",
			"cpu": [
				"x64"
			],
			"dev": true,
			"optional": true,
			"os": [
				"linux"
			],
			"engines": {
				"node": ">=10"
			}
		},
		"node_modules/@swc/core-win32-arm64-msvc": {
			"version": "1.2.161",
			"resolved": "https://registry.npmjs.org/@swc/core-win32-arm64-msvc/-/core-win32-arm64-msvc-1.2.161.tgz",
			"integrity": "sha512-5ZMhPSeFJO+h0Ejoq766S25VvrooUW0RdhfcG2u7OFqhdlTXHlvryL7jdf6tILltmJxNWeAGrNE8YI+ARolTeQ==",
			"cpu": [
				"arm64"
			],
			"dev": true,
			"optional": true,
			"os": [
				"win32"
			],
			"engines": {
				"node": ">=10"
			}
		},
		"node_modules/@swc/core-win32-ia32-msvc": {
			"version": "1.2.161",
			"resolved": "https://registry.npmjs.org/@swc/core-win32-ia32-msvc/-/core-win32-ia32-msvc-1.2.161.tgz",
			"integrity": "sha512-/c+L8bYCjg8pbx3Jbgx9Cns9nlLUpB4CmugfIdlW+2EdncyZyKu+u+D0egnOjvtlxe8BNw0889oH1Lv4p7KuhA==",
			"cpu": [
				"ia32"
			],
			"dev": true,
			"optional": true,
			"os": [
				"win32"
			],
			"engines": {
				"node": ">=10"
			}
		},
		"node_modules/@swc/core-win32-x64-msvc": {
			"version": "1.2.161",
			"resolved": "https://registry.npmjs.org/@swc/core-win32-x64-msvc/-/core-win32-x64-msvc-1.2.161.tgz",
			"integrity": "sha512-FXzZXf+kXvqgZFd+dIzD8Pcc22yejm/XNvpGTy9HZHWYLvlif+QSXrNgvX1oyMWZYT+NCVHwebKjS9FTnTMi9w==",
			"cpu": [
				"x64"
			],
			"dev": true,
			"optional": true,
			"os": [
				"win32"
			],
			"engines": {
				"node": ">=10"
			}
		},
		"node_modules/@types/node": {
			"version": "17.0.23",
			"resolved": "https://registry.npmjs.org/@types/node/-/node-17.0.23.tgz",
			"integrity": "sha512-UxDxWn7dl97rKVeVS61vErvw086aCYhDLyvRQZ5Rk65rZKepaFdm53GeqXaKBuOhED4e9uWq34IC3TdSdJJ2Gw==",
			"dev": true
		},
		"node_modules/@types/prop-types": {
			"version": "15.7.4",
			"resolved": "https://registry.npmjs.org/@types/prop-types/-/prop-types-15.7.4.tgz",
			"integrity": "sha512-rZ5drC/jWjrArrS8BR6SIr4cWpW09RNTYt9AMZo3Jwwif+iacXAqgVjm0B0Bv/S1jhDXKHqRVNCbACkJ89RAnQ==",
			"dev": true
		},
		"node_modules/@types/react": {
			"version": "17.0.43",
			"resolved": "https://registry.npmjs.org/@types/react/-/react-17.0.43.tgz",
			"integrity": "sha512-8Q+LNpdxf057brvPu1lMtC5Vn7J119xrP1aq4qiaefNioQUYANF/CYeK4NsKorSZyUGJ66g0IM+4bbjwx45o2A==",
			"dev": true,
			"dependencies": {
				"@types/prop-types": "*",
				"@types/scheduler": "*",
				"csstype": "^3.0.2"
			}
		},
		"node_modules/@types/react-dom": {
			"version": "17.0.14",
			"resolved": "https://registry.npmjs.org/@types/react-dom/-/react-dom-17.0.14.tgz",
			"integrity": "sha512-H03xwEP1oXmSfl3iobtmQ/2dHF5aBHr8aUMwyGZya6OW45G+xtdzmq6HkncefiBt5JU8DVyaWl/nWZbjZCnzAQ==",
			"dev": true,
			"dependencies": {
				"@types/react": "*"
			}
		},
		"node_modules/@types/scheduler": {
			"version": "0.16.2",
			"resolved": "https://registry.npmjs.org/@types/scheduler/-/scheduler-0.16.2.tgz",
			"integrity": "sha512-hppQEBDmlwhFAXKJX2KnWLYu5yMfi91yazPb2l+lbJiwW+wdo1gNeRA+3RgNSO39WYX2euey41KEwnqesU2Jew==",
			"dev": true
		},
		"node_modules/anymatch": {
			"version": "3.1.2",
			"resolved": "https://registry.npmjs.org/anymatch/-/anymatch-3.1.2.tgz",
			"integrity": "sha512-P43ePfOAIupkguHUycrc4qJ9kz8ZiuOUijaETwX7THt0Y/GNK7v0aa8rY816xWjZ7rJdA5XdMcpVFTKMq+RvWg==",
			"dependencies": {
				"normalize-path": "^3.0.0",
				"picomatch": "^2.0.4"
			},
			"engines": {
				"node": ">= 8"
			}
		},
		"node_modules/axios": {
			"version": "0.26.1",
			"resolved": "https://registry.npmjs.org/axios/-/axios-0.26.1.tgz",
			"integrity": "sha512-fPwcX4EvnSHuInCMItEhAGnaSEXRBjtzh9fOtsE6E1G6p7vl7edEeZe11QHf18+6+9gR5PbKV/sGKNaD8YaMeA==",
			"dependencies": {
				"follow-redirects": "^1.14.8"
			}
		},
		"node_modules/binary-extensions": {
			"version": "2.2.0",
			"resolved": "https://registry.npmjs.org/binary-extensions/-/binary-extensions-2.2.0.tgz",
			"integrity": "sha512-jDctJ/IVQbZoJykoeHbhXpOlNBqGNcwXJKJog42E5HDPUwQTSdjCHdihjj0DlnheQ7blbT6dHOafNAiS8ooQKA==",
			"engines": {
				"node": ">=8"
			}
		},
		"node_modules/braces": {
			"version": "3.0.2",
			"resolved": "https://registry.npmjs.org/braces/-/braces-3.0.2.tgz",
			"integrity": "sha512-b8um+L1RzM3WDSzvhm6gIz1yfTbBt6YTlcEKAvsmqCZZFw46z626lVj9j1yEPW33H5H+lBQpZMP1k8l+78Ha0A==",
			"dependencies": {
				"fill-range": "^7.0.1"
			},
			"engines": {
				"node": ">=8"
			}
		},
		"node_modules/caniuse-lite": {
			"version": "1.0.30001320",
			"resolved": "https://registry.npmjs.org/caniuse-lite/-/caniuse-lite-1.0.30001320.tgz",
			"integrity": "sha512-MWPzG54AGdo3nWx7zHZTefseM5Y1ccM7hlQKHRqJkPozUaw3hNbBTMmLn16GG2FUzjR13Cr3NPfhIieX5PzXDA==",
			"funding": [
				{
					"type": "opencollective",
					"url": "https://opencollective.com/browserslist"
				},
				{
					"type": "tidelift",
					"url": "https://tidelift.com/funding/github/npm/caniuse-lite"
				}
			]
		},
		"node_modules/chokidar": {
			"version": "3.5.3",
			"resolved": "https://registry.npmjs.org/chokidar/-/chokidar-3.5.3.tgz",
			"integrity": "sha512-Dr3sfKRP6oTcjf2JmUmFJfeVMvXBdegxB0iVQ5eb2V10uFJUCAS8OByZdVAyVb8xXNz3GjjTgj9kLWsZTqE6kw==",
			"funding": [
				{
					"type": "individual",
					"url": "https://paulmillr.com/funding/"
				}
			],
			"dependencies": {
				"anymatch": "~3.1.2",
				"braces": "~3.0.2",
				"glob-parent": "~5.1.2",
				"is-binary-path": "~2.1.0",
				"is-glob": "~4.0.1",
				"normalize-path": "~3.0.0",
				"readdirp": "~3.6.0"
			},
			"engines": {
				"node": ">= 8.10.0"
			},
			"optionalDependencies": {
				"fsevents": "~2.3.2"
			}
		},
		"node_modules/chokidar/node_modules/glob-parent": {
			"version": "5.1.2",
			"resolved": "https://registry.npmjs.org/glob-parent/-/glob-parent-5.1.2.tgz",
			"integrity": "sha512-AOIgSQCepiJYwP3ARnGx+5VnTu2HBYdzbGP45eLw1vr3zB3vZLeyed1sC9hnbcOc9/SrMyM5RPQrkGz4aS9Zow==",
			"dependencies": {
				"is-glob": "^4.0.1"
			},
			"engines": {
				"node": ">= 6"
			}
		},
		"node_modules/clsx": {
			"version": "1.1.1",
			"resolved": "https://registry.npmjs.org/clsx/-/clsx-1.1.1.tgz",
			"integrity": "sha512-6/bPho624p3S2pMyvP5kKBPXnI3ufHLObBFCfgx+LkeR5lg2XYy2hqZqUf45ypD8COn2bhgGJSUE+l5dhNBieA==",
			"engines": {
				"node": ">=6"
			}
		},
		"node_modules/csstype": {
			"version": "3.0.11",
			"resolved": "https://registry.npmjs.org/csstype/-/csstype-3.0.11.tgz",
			"integrity": "sha512-sa6P2wJ+CAbgyy4KFssIb/JNMLxFvKF1pCYCSXS8ZMuqZnMsrxqI2E5sPyoTpxoPU/gVZMzr2zjOfg8GIZOMsw==",
			"dev": true
		},
		"node_modules/fill-range": {
			"version": "7.0.1",
			"resolved": "https://registry.npmjs.org/fill-range/-/fill-range-7.0.1.tgz",
			"integrity": "sha512-qOo9F+dMUmC2Lcb4BbVvnKJxTPjCm+RRpe4gDuGrzkL7mEVl/djYSu2OdQ2Pa302N4oqkSg9ir6jaLWJ2USVpQ==",
			"dependencies": {
				"to-regex-range": "^5.0.1"
			},
			"engines": {
				"node": ">=8"
			}
		},
		"node_modules/follow-redirects": {
			"version": "1.14.9",
			"resolved": "https://registry.npmjs.org/follow-redirects/-/follow-redirects-1.14.9.tgz",
			"integrity": "sha512-MQDfihBQYMcyy5dhRDJUHcw7lb2Pv/TuE6xP1vyraLukNDHKbDxDNaOE3NbCAdKQApno+GPRyo1YAp89yCjK4w==",
			"funding": [
				{
					"type": "individual",
					"url": "https://github.com/sponsors/RubenVerborgh"
				}
			],
			"engines": {
				"node": ">=4.0"
			},
			"peerDependenciesMeta": {
				"debug": {
					"optional": true
				}
			}
		},
		"node_modules/fsevents": {
			"version": "2.3.2",
			"resolved": "https://registry.npmjs.org/fsevents/-/fsevents-2.3.2.tgz",
			"integrity": "sha512-xiqMQR4xAeHTuB9uWm+fFRcIOgKBMiOBP+eXiyT7jsgVCq1bkVygt00oASowB7EdtpOHaaPgKt812P9ab+DDKA==",
			"hasInstallScript": true,
			"optional": true,
			"os": [
				"darwin"
			],
			"engines": {
				"node": "^8.16.0 || ^10.6.0 || >=11.0.0"
			}
		},
		"node_modules/immutable": {
			"version": "4.0.0",
			"resolved": "https://registry.npmjs.org/immutable/-/immutable-4.0.0.tgz",
			"integrity": "sha512-zIE9hX70qew5qTUjSS7wi1iwj/l7+m54KWU247nhM3v806UdGj1yDndXj+IOYxxtW9zyLI+xqFNZjTuDaLUqFw=="
		},
		"node_modules/is-binary-path": {
			"version": "2.1.0",
			"resolved": "https://registry.npmjs.org/is-binary-path/-/is-binary-path-2.1.0.tgz",
			"integrity": "sha512-ZMERYes6pDydyuGidse7OsHxtbI7WVeUEozgR/g7rd0xUimYNlvZRE/K2MgZTjWy725IfelLeVcEM97mmtRGXw==",
			"dependencies": {
				"binary-extensions": "^2.0.0"
			},
			"engines": {
				"node": ">=8"
			}
		},
		"node_modules/is-extglob": {
			"version": "2.1.1",
			"resolved": "https://registry.npmjs.org/is-extglob/-/is-extglob-2.1.1.tgz",
			"integrity": "sha1-qIwCU1eR8C7TfHahueqXc8gz+MI=",
			"engines": {
				"node": ">=0.10.0"
			}
		},
		"node_modules/is-glob": {
			"version": "4.0.3",
			"resolved": "https://registry.npmjs.org/is-glob/-/is-glob-4.0.3.tgz",
			"integrity": "sha512-xelSayHH36ZgE7ZWhli7pW34hNbNl8Ojv5KVmkJD4hBdD3th8Tfk9vYasLM+mXWOZhFkgZfxhLSnrwRr4elSSg==",
			"dependencies": {
				"is-extglob": "^2.1.1"
			},
			"engines": {
				"node": ">=0.10.0"
			}
		},
		"node_modules/is-number": {
			"version": "7.0.0",
			"resolved": "https://registry.npmjs.org/is-number/-/is-number-7.0.0.tgz",
			"integrity": "sha512-41Cifkg6e8TylSpdtTpeLVMqvSBEVzTttHvERD741+pnZ8ANv0004MRL43QKPDlK9cGvNp6NZWZUBlbGXYxxng==",
			"engines": {
				"node": ">=0.12.0"
			}
		},
		"node_modules/js-tokens": {
			"version": "4.0.0",
			"resolved": "https://registry.npmjs.org/js-tokens/-/js-tokens-4.0.0.tgz",
			"integrity": "sha512-RdJUflcE3cUzKiMqQgsCu06FPu9UdIJO0beYbPhHN4k6apgJtifcoCtT9bcxOpYBtpD2kCM6Sbzg4CausW/PKQ=="
		},
		"node_modules/loose-envify": {
			"version": "1.4.0",
			"resolved": "https://registry.npmjs.org/loose-envify/-/loose-envify-1.4.0.tgz",
			"integrity": "sha512-lyuxPGr/Wfhrlem2CL/UcnUc1zcqKAImBDzukY7Y5F/yQiNdko6+fRLevlw1HgMySw7f611UIY408EtxRSoK3Q==",
			"dependencies": {
				"js-tokens": "^3.0.0 || ^4.0.0"
			},
			"bin": {
				"loose-envify": "cli.js"
			}
		},
		"node_modules/nanoid": {
			"version": "3.3.2",
			"resolved": "https://registry.npmjs.org/nanoid/-/nanoid-3.3.2.tgz",
			"integrity": "sha512-CuHBogktKwpm5g2sRgv83jEy2ijFzBwMoYA60orPDR7ynsLijJDqgsi4RDGj3OJpy3Ieb+LYwiRmIOGyytgITA==",
			"bin": {
				"nanoid": "bin/nanoid.cjs"
			},
			"engines": {
				"node": "^10 || ^12 || ^13.7 || ^14 || >=15.0.1"
			}
		},
		"node_modules/next": {
			"version": "12.1.3-canary.0",
			"resolved": "https://registry.npmjs.org/next/-/next-12.1.3-canary.0.tgz",
			"integrity": "sha512-MrO8Ske7lewrsmnuXQcmmEO0pC+rGnv9TVP3cqiO/AwseVsyEhbPGB546O233A3RZwFeqx+Z9o79e+SgL4wTIw==",
			"dependencies": {
				"@next/env": "12.1.3-canary.0",
				"caniuse-lite": "^1.0.30001283",
				"postcss": "8.4.5",
				"styled-jsx": "5.0.1",
				"use-subscription": "1.5.1"
			},
			"bin": {
				"next": "dist/bin/next"
			},
			"engines": {
				"node": ">=12.22.0"
			},
			"optionalDependencies": {
				"@next/swc-android-arm-eabi": "12.1.3-canary.0",
				"@next/swc-android-arm64": "12.1.3-canary.0",
				"@next/swc-darwin-arm64": "12.1.3-canary.0",
				"@next/swc-darwin-x64": "12.1.3-canary.0",
				"@next/swc-linux-arm-gnueabihf": "12.1.3-canary.0",
				"@next/swc-linux-arm64-gnu": "12.1.3-canary.0",
				"@next/swc-linux-arm64-musl": "12.1.3-canary.0",
				"@next/swc-linux-x64-gnu": "12.1.3-canary.0",
				"@next/swc-linux-x64-musl": "12.1.3-canary.0",
				"@next/swc-win32-arm64-msvc": "12.1.3-canary.0",
				"@next/swc-win32-ia32-msvc": "12.1.3-canary.0",
				"@next/swc-win32-x64-msvc": "12.1.3-canary.0"
			},
			"peerDependencies": {
				"fibers": ">= 3.1.0",
				"node-sass": "^6.0.0 || ^7.0.0",
				"react": "^17.0.2 || ^18.0.0-0",
				"react-dom": "^17.0.2 || ^18.0.0-0",
				"sass": "^1.3.0"
			},
			"peerDependenciesMeta": {
				"fibers": {
					"optional": true
				},
				"node-sass": {
					"optional": true
				},
				"sass": {
					"optional": true
				}
			}
		},
		"node_modules/normalize-path": {
			"version": "3.0.0",
			"resolved": "https://registry.npmjs.org/normalize-path/-/normalize-path-3.0.0.tgz",
			"integrity": "sha512-6eZs5Ls3WtCisHWp9S2GUy8dqkpGi4BVSz3GaqiE6ezub0512ESztXUwUB6C6IKbQkY2Pnb/mD4WYojCRwcwLA==",
			"engines": {
				"node": ">=0.10.0"
			}
		},
		"node_modules/object-assign": {
			"version": "4.1.1",
			"resolved": "https://registry.npmjs.org/object-assign/-/object-assign-4.1.1.tgz",
			"integrity": "sha1-IQmtx5ZYh8/AXLvUQsrIv7s2CGM=",
			"engines": {
				"node": ">=0.10.0"
			}
		},
		"node_modules/picocolors": {
			"version": "1.0.0",
			"resolved": "https://registry.npmjs.org/picocolors/-/picocolors-1.0.0.tgz",
			"integrity": "sha512-1fygroTLlHu66zi26VoTDv8yRgm0Fccecssto+MhsZ0D/DGW2sm8E8AjW7NU5VVTRt5GxbeZ5qBuJr+HyLYkjQ=="
		},
		"node_modules/picomatch": {
			"version": "2.3.1",
			"resolved": "https://registry.npmjs.org/picomatch/-/picomatch-2.3.1.tgz",
			"integrity": "sha512-JU3teHTNjmE2VCGFzuY8EXzCDVwEqB2a8fsIvwaStHhAWJEeVd1o1QD80CU6+ZdEXXSLbSsuLwJjkCBWqRQUVA==",
			"engines": {
				"node": ">=8.6"
			},
			"funding": {
				"url": "https://github.com/sponsors/jonschlinkert"
			}
		},
		"node_modules/postcss": {
			"version": "8.4.5",
			"resolved": "https://registry.npmjs.org/postcss/-/postcss-8.4.5.tgz",
			"integrity": "sha512-jBDboWM8qpaqwkMwItqTQTiFikhs/67OYVvblFFTM7MrZjt6yMKd6r2kgXizEbTTljacm4NldIlZnhbjr84QYg==",
			"dependencies": {
				"nanoid": "^3.1.30",
				"picocolors": "^1.0.0",
				"source-map-js": "^1.0.1"
			},
			"engines": {
				"node": "^10 || ^12 || >=14"
			},
			"funding": {
				"type": "opencollective",
				"url": "https://opencollective.com/postcss/"
			}
		},
		"node_modules/react": {
			"version": "17.0.2",
			"resolved": "https://registry.npmjs.org/react/-/react-17.0.2.tgz",
			"integrity": "sha512-gnhPt75i/dq/z3/6q/0asP78D0u592D5L1pd7M8P+dck6Fu/jJeL6iVVK23fptSUZj8Vjf++7wXA8UNclGQcbA==",
			"dependencies": {
				"loose-envify": "^1.1.0",
				"object-assign": "^4.1.1"
			},
			"engines": {
				"node": ">=0.10.0"
			}
		},
		"node_modules/react-dom": {
			"version": "17.0.2",
			"resolved": "https://registry.npmjs.org/react-dom/-/react-dom-17.0.2.tgz",
			"integrity": "sha512-s4h96KtLDUQlsENhMn1ar8t2bEa+q/YAtj8pPPdIjPDGBDIVNsrD9aXNWqspUe6AzKCIG0C1HZZLqLV7qpOBGA==",
			"dependencies": {
				"loose-envify": "^1.1.0",
				"object-assign": "^4.1.1",
				"scheduler": "^0.20.2"
			},
			"peerDependencies": {
				"react": "17.0.2"
			}
		},
		"node_modules/readdirp": {
			"version": "3.6.0",
			"resolved": "https://registry.npmjs.org/readdirp/-/readdirp-3.6.0.tgz",
			"integrity": "sha512-hOS089on8RduqdbhvQ5Z37A0ESjsqz6qnRcffsMU3495FuTdqSm+7bhJ29JvIOsBDEEnan5DPu9t3To9VRlMzA==",
			"dependencies": {
				"picomatch": "^2.2.1"
			},
			"engines": {
				"node": ">=8.10.0"
			}
		},
		"node_modules/sass": {
			"version": "1.49.9",
			"resolved": "https://registry.npmjs.org/sass/-/sass-1.49.9.tgz",
			"integrity": "sha512-YlYWkkHP9fbwaFRZQRXgDi3mXZShslVmmo+FVK3kHLUELHHEYrCmL1x6IUjC7wLS6VuJSAFXRQS/DxdsC4xL1A==",
			"dependencies": {
				"chokidar": ">=3.0.0 <4.0.0",
				"immutable": "^4.0.0",
				"source-map-js": ">=0.6.2 <2.0.0"
			},
			"bin": {
				"sass": "sass.js"
			},
			"engines": {
				"node": ">=12.0.0"
			}
		},
		"node_modules/scheduler": {
			"version": "0.20.2",
			"resolved": "https://registry.npmjs.org/scheduler/-/scheduler-0.20.2.tgz",
			"integrity": "sha512-2eWfGgAqqWFGqtdMmcL5zCMK1U8KlXv8SQFGglL3CEtd0aDVDWgeF/YoCmvln55m5zSk3J/20hTaSBeSObsQDQ==",
			"dependencies": {
				"loose-envify": "^1.1.0",
				"object-assign": "^4.1.1"
			}
		},
		"node_modules/source-map-js": {
			"version": "1.0.2",
			"resolved": "https://registry.npmjs.org/source-map-js/-/source-map-js-1.0.2.tgz",
			"integrity": "sha512-R0XvVJ9WusLiqTCEiGCmICCMplcCkIwwR11mOSD9CR5u+IXYdiseeEuXCVAjS54zqwkLcPNnmU4OeJ6tUrWhDw==",
			"engines": {
				"node": ">=0.10.0"
			}
		},
		"node_modules/styled-jsx": {
			"version": "5.0.1",
			"resolved": "https://registry.npmjs.org/styled-jsx/-/styled-jsx-5.0.1.tgz",
			"integrity": "sha512-+PIZ/6Uk40mphiQJJI1202b+/dYeTVd9ZnMPR80pgiWbjIwvN2zIp4r9et0BgqBuShh48I0gttPlAXA7WVvBxw==",
			"engines": {
				"node": ">= 12.0.0"
			},
			"peerDependencies": {
				"react": ">= 16.8.0 || 17.x.x || ^18.0.0-0"
			},
			"peerDependenciesMeta": {
				"@babel/core": {
					"optional": true
				},
				"babel-plugin-macros": {
					"optional": true
				}
			}
		},
		"node_modules/to-regex-range": {
			"version": "5.0.1",
			"resolved": "https://registry.npmjs.org/to-regex-range/-/to-regex-range-5.0.1.tgz",
			"integrity": "sha512-65P7iz6X5yEr1cwcgvQxbbIw7Uk3gOy5dIdtZ4rDveLqhrdJP+Li/Hx6tyK0NEb+2GCyneCMJiGqrADCSNk8sQ==",
			"dependencies": {
				"is-number": "^7.0.0"
			},
			"engines": {
				"node": ">=8.0"
			}
		},
		"node_modules/typescript": {
			"version": "4.6.3",
			"resolved": "https://registry.npmjs.org/typescript/-/typescript-4.6.3.tgz",
			"integrity": "sha512-yNIatDa5iaofVozS/uQJEl3JRWLKKGJKh6Yaiv0GLGSuhpFJe7P3SbHZ8/yjAHRQwKRoA6YZqlfjXWmVzoVSMw==",
			"dev": true,
			"bin": {
				"tsc": "bin/tsc",
				"tsserver": "bin/tsserver"
			},
			"engines": {
				"node": ">=4.2.0"
			}
		},
		"node_modules/use-subscription": {
			"version": "1.5.1",
			"resolved": "https://registry.npmjs.org/use-subscription/-/use-subscription-1.5.1.tgz",
			"integrity": "sha512-Xv2a1P/yReAjAbhylMfFplFKj9GssgTwN7RlcTxBujFQcloStWNDQdc4g4NRWH9xS4i/FDk04vQBptAXoF3VcA==",
			"dependencies": {
				"object-assign": "^4.1.1"
			},
			"peerDependencies": {
				"react": "^16.8.0 || ^17.0.0"
			}
		}
	},
	"dependencies": {
		"@next/env": {
			"version": "12.1.3-canary.0",
			"resolved": "https://registry.npmjs.org/@next/env/-/env-12.1.3-canary.0.tgz",
			"integrity": "sha512-7Ejk2IqDasnyA9UdhQbto+s0EYbFUZIaHjz0nCjXTwKc7MaQa2Rhw2aVdqLCG43CtZuVn+BgR1FsM9c1thObAg=="
		},
		"@next/swc-android-arm-eabi": {
			"version": "12.1.3-canary.0",
			"resolved": "https://registry.npmjs.org/@next/swc-android-arm-eabi/-/swc-android-arm-eabi-12.1.3-canary.0.tgz",
			"integrity": "sha512-8/u8oxe8Jam+kS3ULy8522bFJxnOr7gf8qPQvyENtgat08bJVbJk2WYuteP0uW3XVK3Shf9Q/5Mrs2gAEvcJDg==",
			"optional": true
		},
		"@next/swc-android-arm64": {
			"version": "12.1.3-canary.0",
			"resolved": "https://registry.npmjs.org/@next/swc-android-arm64/-/swc-android-arm64-12.1.3-canary.0.tgz",
			"integrity": "sha512-b4yZDQpj6bY66LW7cHpNln/wxbqCIwoYNC4OK/iKwfPhNYBHxj58KTQMV5ZSW8+klZ4NvIE+MaBq7iupBDZJkQ==",
			"optional": true
		},
		"@next/swc-darwin-arm64": {
			"version": "12.1.3-canary.0",
			"resolved": "https://registry.npmjs.org/@next/swc-darwin-arm64/-/swc-darwin-arm64-12.1.3-canary.0.tgz",
			"integrity": "sha512-jZDjfUlVpRR7FAPBiCQ/RyrDMO8x654SBFvISs82hk1AmsFz23F5lPTPwuPuVNjnEck6HthFHjiNtojpmnPi/Q==",
			"optional": true
		},
		"@next/swc-darwin-x64": {
			"version": "12.1.3-canary.0",
			"resolved": "https://registry.npmjs.org/@next/swc-darwin-x64/-/swc-darwin-x64-12.1.3-canary.0.tgz",
			"integrity": "sha512-IuQwQpo2rICtfTa81MnDodjKj7a2rBbaG4bRMVLGl2eERQBu2Yb278oxHcvcW+5QU//BLIUNZnO6Ri1VBlIitQ==",
			"optional": true
		},
		"@next/swc-linux-arm-gnueabihf": {
			"version": "12.1.3-canary.0",
			"resolved": "https://registry.npmjs.org/@next/swc-linux-arm-gnueabihf/-/swc-linux-arm-gnueabihf-12.1.3-canary.0.tgz",
			"integrity": "sha512-U33DmSXrTZT383KmeT2llBeGghXZ77fQlafcGkGIS+a8WhFTTZIB9/+A2kbIJNMdrEmow3NZ7PM8tammBjMcrQ==",
			"optional": true
		},
		"@next/swc-linux-arm64-gnu": {
			"version": "12.1.3-canary.0",
			"resolved": "https://registry.npmjs.org/@next/swc-linux-arm64-gnu/-/swc-linux-arm64-gnu-12.1.3-canary.0.tgz",
			"integrity": "sha512-z3ljaxtRycZbzP9hK15sGILjQsICwAjYBr3oMofBjCbWko+/EgkBhMvRFcwUj/y5IwBI/qY9EQo62pAZFFeZIg==",
			"optional": true
		},
		"@next/swc-linux-arm64-musl": {
			"version": "12.1.3-canary.0",
			"resolved": "https://registry.npmjs.org/@next/swc-linux-arm64-musl/-/swc-linux-arm64-musl-12.1.3-canary.0.tgz",
			"integrity": "sha512-I0zZ6i8lwrS1PbJl3IeEUkwLKFKOpLvzWRoS45bO5GF6FK11aKmqgzYsKOPMuIEDayJQvwJa1Gh8itrMxtOaHg==",
			"optional": true
		},
		"@next/swc-linux-x64-gnu": {
			"version": "12.1.3-canary.0",
			"resolved": "https://registry.npmjs.org/@next/swc-linux-x64-gnu/-/swc-linux-x64-gnu-12.1.3-canary.0.tgz",
			"integrity": "sha512-Ib/+b7g193uysuVoYG+PUrvOgLCtrZwQR+d9hf2weKu901+MM1cL+pQtPjJDLEQxUItPqRU4VMQYmV41CqDt+g==",
			"optional": true
		},
		"@next/swc-linux-x64-musl": {
			"version": "12.1.3-canary.0",
			"resolved": "https://registry.npmjs.org/@next/swc-linux-x64-musl/-/swc-linux-x64-musl-12.1.3-canary.0.tgz",
			"integrity": "sha512-6cRwQvhEqx94Wm9dBSAT2AHhU6ew0Lmp+4P1xA8TcuJlGlUDwyWP/9G67uq2fnCHcVnzi4ZgFBzO0Qg/sRekxg==",
			"optional": true
		},
		"@next/swc-win32-arm64-msvc": {
			"version": "12.1.3-canary.0",
			"resolved": "https://registry.npmjs.org/@next/swc-win32-arm64-msvc/-/swc-win32-arm64-msvc-12.1.3-canary.0.tgz",
			"integrity": "sha512-l7IkgaFbRicpTi779LKqUzOCPPC0eIcUX8nmH1LT+V6KlQm/wF4CMJtlS4M4OKdLOTovYv8KdRMczTKf7bEaYQ==",
			"optional": true
		},
		"@next/swc-win32-ia32-msvc": {
			"version": "12.1.3-canary.0",
			"resolved": "https://registry.npmjs.org/@next/swc-win32-ia32-msvc/-/swc-win32-ia32-msvc-12.1.3-canary.0.tgz",
			"integrity": "sha512-zTa0eWv23I1w7iin977jjcPMfDox0SUoDxveIfVbsycHIhdGlFMC1QpoO8nyVJVpJXCAjFNlQprG1urQLaGv1g==",
			"optional": true
		},
		"@next/swc-win32-x64-msvc": {
			"version": "12.1.3-canary.0",
			"resolved": "https://registry.npmjs.org/@next/swc-win32-x64-msvc/-/swc-win32-x64-msvc-12.1.3-canary.0.tgz",
			"integrity": "sha512-qc87SjlHt4KT0r1TlGYB7gH38Ai+Wt4dsSuWa8xqsr94xdur7UeCNfZjeu319nD9SRtg3W6Tf6F6RfhG8GmQxA==",
			"optional": true
		},
		"@swc/core": {
			"version": "1.2.161",
			"resolved": "https://registry.npmjs.org/@swc/core/-/core-1.2.161.tgz",
			"integrity": "sha512-RXv1y2HDqZ4gAjdvqV0KL1Oms8vUkDgXRU5SPOEa3zMzMDNKHvRfoiBk4ZyaGzhGcr0zflqT4EADKgTB8RFNsw==",
			"dev": true,
			"requires": {
				"@swc/core-android-arm-eabi": "1.2.161",
				"@swc/core-android-arm64": "1.2.161",
				"@swc/core-darwin-arm64": "1.2.161",
				"@swc/core-darwin-x64": "1.2.161",
				"@swc/core-freebsd-x64": "1.2.161",
				"@swc/core-linux-arm-gnueabihf": "1.2.161",
				"@swc/core-linux-arm64-gnu": "1.2.161",
				"@swc/core-linux-arm64-musl": "1.2.161",
				"@swc/core-linux-x64-gnu": "1.2.161",
				"@swc/core-linux-x64-musl": "1.2.161",
				"@swc/core-win32-arm64-msvc": "1.2.161",
				"@swc/core-win32-ia32-msvc": "1.2.161",
				"@swc/core-win32-x64-msvc": "1.2.161"
			}
		},
		"@swc/core-android-arm-eabi": {
			"version": "1.2.161",
			"resolved": "https://registry.npmjs.org/@swc/core-android-arm-eabi/-/core-android-arm-eabi-1.2.161.tgz",
			"integrity": "sha512-SYm08FusdMo70JaKEYE7GpJHVp020iqPL3FjYEmQ+iyhc0Id8RlMeFt7ZtIj0aYHPKudR3GljzG5FVJXmm1Iuw==",
			"dev": true,
			"optional": true
		},
		"@swc/core-android-arm64": {
			"version": "1.2.161",
			"resolved": "https://registry.npmjs.org/@swc/core-android-arm64/-/core-android-arm64-1.2.161.tgz",
			"integrity": "sha512-zk+GgVGKwIO9PsUcLZ7tG1XGGBJ/xyv5Or9/R0rQArBTGS5mvSK4d+9XrItQph8i3ECZhik3PuexmR7us6ysCw==",
			"dev": true,
			"optional": true
		},
		"@swc/core-darwin-arm64": {
			"version": "1.2.161",
			"resolved": "https://registry.npmjs.org/@swc/core-darwin-arm64/-/core-darwin-arm64-1.2.161.tgz",
			"integrity": "sha512-pf65TWy9oFkWCRzRq16Ec6rglurdajWT5tv1E93Kh4izEFLvKN/Mp+8EMnqOcoAn+HEtjzp2R6NosBruV/d1Ww==",
			"dev": true,
			"optional": true
		},
		"@swc/core-darwin-x64": {
			"version": "1.2.161",
			"resolved": "https://registry.npmjs.org/@swc/core-darwin-x64/-/core-darwin-x64-1.2.161.tgz",
			"integrity": "sha512-QdgsY+BjYO0ngSIwR/xZn6W3iP0E/+of38Afon3maANDiKzvzsvyZm4IVTznOaxG1ZUJ/q1oKeRV/DcW7QvHiw==",
			"dev": true,
			"optional": true
		},
		"@swc/core-freebsd-x64": {
			"version": "1.2.161",
			"resolved": "https://registry.npmjs.org/@swc/core-freebsd-x64/-/core-freebsd-x64-1.2.161.tgz",
			"integrity": "sha512-yApHncnlQNQINxxcz+Y+svlrdU3d/yaJ769eoThIQXsZTL0Il3gnhhkjJkMEigLTexpQZQOGjgYnV9HKkpYqkw==",
			"dev": true,
			"optional": true
		},
		"@swc/core-linux-arm-gnueabihf": {
			"version": "1.2.161",
			"resolved": "https://registry.npmjs.org/@swc/core-linux-arm-gnueabihf/-/core-linux-arm-gnueabihf-1.2.161.tgz",
			"integrity": "sha512-DGSKqKSBQ42mAMmPhWkfgzXaci4RU0XgmnO1bFVkl8Yw9TaxBBBeCbLIBYJik4DehOOYic9gtXZIfEs90+oc2w==",
			"dev": true,
			"optional": true
		},
		"@swc/core-linux-arm64-gnu": {
			"version": "1.2.161",
			"resolved": "https://registry.npmjs.org/@swc/core-linux-arm64-gnu/-/core-linux-arm64-gnu-1.2.161.tgz",
			"integrity": "sha512-wdEPjBLuf0bUMafURrUN11MOGs7PHnedWOFAfvyRuNf4HdfwbS2nYDpFCL4mklN8BuprxvRFWfoA+ROigexK4g==",
			"dev": true,
			"optional": true
		},
		"@swc/core-linux-arm64-musl": {
			"version": "1.2.161",
			"resolved": "https://registry.npmjs.org/@swc/core-linux-arm64-musl/-/core-linux-arm64-musl-1.2.161.tgz",
			"integrity": "sha512-EPwDDlAIchv1FG1Vc2ArUGsX2b87LSEXHjF59TuOj+oXOANHnFRQa/28wHpeMYN5lHYmyjMplfn37XYLMo8BDw==",
			"dev": true,
			"optional": true
		},
		"@swc/core-linux-x64-gnu": {
			"version": "1.2.161",
			"resolved": "https://registry.npmjs.org/@swc/core-linux-x64-gnu/-/core-linux-x64-gnu-1.2.161.tgz",
			"integrity": "sha512-UE+8n2PLCojxywQd1nPbMcus/3zLQjg05Oozrvl1IkHBssk89tk2GhLujUwbFS+MoGFPKAmL+wT+9lXHavK7Og==",
			"dev": true,
			"optional": true
		},
		"@swc/core-linux-x64-musl": {
			"version": "1.2.161",
			"resolved": "https://registry.npmjs.org/@swc/core-linux-x64-musl/-/core-linux-x64-musl-1.2.161.tgz",
			"integrity": "sha512-mkshCdRhS5s1w1Koph/kS8EJVEmrq+/p4iLsLDozXi1RL16lzk5SYn4ppmzF/Zj9OpgJ+Nzk7kNcZMMJMVIwqw==",
			"dev": true,
			"optional": true
		},
		"@swc/core-win32-arm64-msvc": {
			"version": "1.2.161",
			"resolved": "https://registry.npmjs.org/@swc/core-win32-arm64-msvc/-/core-win32-arm64-msvc-1.2.161.tgz",
			"integrity": "sha512-5ZMhPSeFJO+h0Ejoq766S25VvrooUW0RdhfcG2u7OFqhdlTXHlvryL7jdf6tILltmJxNWeAGrNE8YI+ARolTeQ==",
			"dev": true,
			"optional": true
		},
		"@swc/core-win32-ia32-msvc": {
			"version": "1.2.161",
			"resolved": "https://registry.npmjs.org/@swc/core-win32-ia32-msvc/-/core-win32-ia32-msvc-1.2.161.tgz",
			"integrity": "sha512-/c+L8bYCjg8pbx3Jbgx9Cns9nlLUpB4CmugfIdlW+2EdncyZyKu+u+D0egnOjvtlxe8BNw0889oH1Lv4p7KuhA==",
			"dev": true,
			"optional": true
		},
		"@swc/core-win32-x64-msvc": {
			"version": "1.2.161",
			"resolved": "https://registry.npmjs.org/@swc/core-win32-x64-msvc/-/core-win32-x64-msvc-1.2.161.tgz",
			"integrity": "sha512-FXzZXf+kXvqgZFd+dIzD8Pcc22yejm/XNvpGTy9HZHWYLvlif+QSXrNgvX1oyMWZYT+NCVHwebKjS9FTnTMi9w==",
			"dev": true,
			"optional": true
		},
		"@types/node": {
			"version": "17.0.23",
			"resolved": "https://registry.npmjs.org/@types/node/-/node-17.0.23.tgz",
			"integrity": "sha512-UxDxWn7dl97rKVeVS61vErvw086aCYhDLyvRQZ5Rk65rZKepaFdm53GeqXaKBuOhED4e9uWq34IC3TdSdJJ2Gw==",
			"dev": true
		},
		"@types/prop-types": {
			"version": "15.7.4",
			"resolved": "https://registry.npmjs.org/@types/prop-types/-/prop-types-15.7.4.tgz",
			"integrity": "sha512-rZ5drC/jWjrArrS8BR6SIr4cWpW09RNTYt9AMZo3Jwwif+iacXAqgVjm0B0Bv/S1jhDXKHqRVNCbACkJ89RAnQ==",
			"dev": true
		},
		"@types/react": {
			"version": "17.0.43",
			"resolved": "https://registry.npmjs.org/@types/react/-/react-17.0.43.tgz",
			"integrity": "sha512-8Q+LNpdxf057brvPu1lMtC5Vn7J119xrP1aq4qiaefNioQUYANF/CYeK4NsKorSZyUGJ66g0IM+4bbjwx45o2A==",
			"dev": true,
			"requires": {
				"@types/prop-types": "*",
				"@types/scheduler": "*",
				"csstype": "^3.0.2"
			}
		},
		"@types/react-dom": {
			"version": "17.0.14",
			"resolved": "https://registry.npmjs.org/@types/react-dom/-/react-dom-17.0.14.tgz",
			"integrity": "sha512-H03xwEP1oXmSfl3iobtmQ/2dHF5aBHr8aUMwyGZya6OW45G+xtdzmq6HkncefiBt5JU8DVyaWl/nWZbjZCnzAQ==",
			"dev": true,
			"requires": {
				"@types/react": "*"
			}
		},
		"@types/scheduler": {
			"version": "0.16.2",
			"resolved": "https://registry.npmjs.org/@types/scheduler/-/scheduler-0.16.2.tgz",
			"integrity": "sha512-hppQEBDmlwhFAXKJX2KnWLYu5yMfi91yazPb2l+lbJiwW+wdo1gNeRA+3RgNSO39WYX2euey41KEwnqesU2Jew==",
			"dev": true
		},
		"anymatch": {
			"version": "3.1.2",
			"resolved": "https://registry.npmjs.org/anymatch/-/anymatch-3.1.2.tgz",
			"integrity": "sha512-P43ePfOAIupkguHUycrc4qJ9kz8ZiuOUijaETwX7THt0Y/GNK7v0aa8rY816xWjZ7rJdA5XdMcpVFTKMq+RvWg==",
			"requires": {
				"normalize-path": "^3.0.0",
				"picomatch": "^2.0.4"
			}
		},
		"axios": {
			"version": "0.26.1",
			"resolved": "https://registry.npmjs.org/axios/-/axios-0.26.1.tgz",
			"integrity": "sha512-fPwcX4EvnSHuInCMItEhAGnaSEXRBjtzh9fOtsE6E1G6p7vl7edEeZe11QHf18+6+9gR5PbKV/sGKNaD8YaMeA==",
			"requires": {
				"follow-redirects": "^1.14.8"
			}
		},
		"binary-extensions": {
			"version": "2.2.0",
			"resolved": "https://registry.npmjs.org/binary-extensions/-/binary-extensions-2.2.0.tgz",
			"integrity": "sha512-jDctJ/IVQbZoJykoeHbhXpOlNBqGNcwXJKJog42E5HDPUwQTSdjCHdihjj0DlnheQ7blbT6dHOafNAiS8ooQKA=="
		},
		"braces": {
			"version": "3.0.2",
			"resolved": "https://registry.npmjs.org/braces/-/braces-3.0.2.tgz",
			"integrity": "sha512-b8um+L1RzM3WDSzvhm6gIz1yfTbBt6YTlcEKAvsmqCZZFw46z626lVj9j1yEPW33H5H+lBQpZMP1k8l+78Ha0A==",
			"requires": {
				"fill-range": "^7.0.1"
			}
		},
		"caniuse-lite": {
			"version": "1.0.30001320",
			"resolved": "https://registry.npmjs.org/caniuse-lite/-/caniuse-lite-1.0.30001320.tgz",
			"integrity": "sha512-MWPzG54AGdo3nWx7zHZTefseM5Y1ccM7hlQKHRqJkPozUaw3hNbBTMmLn16GG2FUzjR13Cr3NPfhIieX5PzXDA=="
		},
		"chokidar": {
			"version": "3.5.3",
			"resolved": "https://registry.npmjs.org/chokidar/-/chokidar-3.5.3.tgz",
			"integrity": "sha512-Dr3sfKRP6oTcjf2JmUmFJfeVMvXBdegxB0iVQ5eb2V10uFJUCAS8OByZdVAyVb8xXNz3GjjTgj9kLWsZTqE6kw==",
			"requires": {
				"anymatch": "~3.1.2",
				"braces": "~3.0.2",
				"fsevents": "~2.3.2",
				"glob-parent": "~5.1.2",
				"is-binary-path": "~2.1.0",
				"is-glob": "~4.0.1",
				"normalize-path": "~3.0.0",
				"readdirp": "~3.6.0"
			},
			"dependencies": {
				"glob-parent": {
					"version": "5.1.2",
					"resolved": "https://registry.npmjs.org/glob-parent/-/glob-parent-5.1.2.tgz",
					"integrity": "sha512-AOIgSQCepiJYwP3ARnGx+5VnTu2HBYdzbGP45eLw1vr3zB3vZLeyed1sC9hnbcOc9/SrMyM5RPQrkGz4aS9Zow==",
					"requires": {
						"is-glob": "^4.0.1"
					}
				}
			}
		},
		"clsx": {
			"version": "1.1.1",
			"resolved": "https://registry.npmjs.org/clsx/-/clsx-1.1.1.tgz",
			"integrity": "sha512-6/bPho624p3S2pMyvP5kKBPXnI3ufHLObBFCfgx+LkeR5lg2XYy2hqZqUf45ypD8COn2bhgGJSUE+l5dhNBieA=="
		},
		"csstype": {
			"version": "3.0.11",
			"resolved": "https://registry.npmjs.org/csstype/-/csstype-3.0.11.tgz",
			"integrity": "sha512-sa6P2wJ+CAbgyy4KFssIb/JNMLxFvKF1pCYCSXS8ZMuqZnMsrxqI2E5sPyoTpxoPU/gVZMzr2zjOfg8GIZOMsw==",
			"dev": true
		},
		"fill-range": {
			"version": "7.0.1",
			"resolved": "https://registry.npmjs.org/fill-range/-/fill-range-7.0.1.tgz",
			"integrity": "sha512-qOo9F+dMUmC2Lcb4BbVvnKJxTPjCm+RRpe4gDuGrzkL7mEVl/djYSu2OdQ2Pa302N4oqkSg9ir6jaLWJ2USVpQ==",
			"requires": {
				"to-regex-range": "^5.0.1"
			}
		},
		"follow-redirects": {
			"version": "1.14.9",
			"resolved": "https://registry.npmjs.org/follow-redirects/-/follow-redirects-1.14.9.tgz",
			"integrity": "sha512-MQDfihBQYMcyy5dhRDJUHcw7lb2Pv/TuE6xP1vyraLukNDHKbDxDNaOE3NbCAdKQApno+GPRyo1YAp89yCjK4w=="
		},
		"fsevents": {
			"version": "2.3.2",
			"resolved": "https://registry.npmjs.org/fsevents/-/fsevents-2.3.2.tgz",
			"integrity": "sha512-xiqMQR4xAeHTuB9uWm+fFRcIOgKBMiOBP+eXiyT7jsgVCq1bkVygt00oASowB7EdtpOHaaPgKt812P9ab+DDKA==",
			"optional": true
		},
		"immutable": {
			"version": "4.0.0",
			"resolved": "https://registry.npmjs.org/immutable/-/immutable-4.0.0.tgz",
			"integrity": "sha512-zIE9hX70qew5qTUjSS7wi1iwj/l7+m54KWU247nhM3v806UdGj1yDndXj+IOYxxtW9zyLI+xqFNZjTuDaLUqFw=="
		},
		"is-binary-path": {
			"version": "2.1.0",
			"resolved": "https://registry.npmjs.org/is-binary-path/-/is-binary-path-2.1.0.tgz",
			"integrity": "sha512-ZMERYes6pDydyuGidse7OsHxtbI7WVeUEozgR/g7rd0xUimYNlvZRE/K2MgZTjWy725IfelLeVcEM97mmtRGXw==",
			"requires": {
				"binary-extensions": "^2.0.0"
			}
		},
		"is-extglob": {
			"version": "2.1.1",
			"resolved": "https://registry.npmjs.org/is-extglob/-/is-extglob-2.1.1.tgz",
			"integrity": "sha1-qIwCU1eR8C7TfHahueqXc8gz+MI="
		},
		"is-glob": {
			"version": "4.0.3",
			"resolved": "https://registry.npmjs.org/is-glob/-/is-glob-4.0.3.tgz",
			"integrity": "sha512-xelSayHH36ZgE7ZWhli7pW34hNbNl8Ojv5KVmkJD4hBdD3th8Tfk9vYasLM+mXWOZhFkgZfxhLSnrwRr4elSSg==",
			"requires": {
				"is-extglob": "^2.1.1"
			}
		},
		"is-number": {
			"version": "7.0.0",
			"resolved": "https://registry.npmjs.org/is-number/-/is-number-7.0.0.tgz",
			"integrity": "sha512-41Cifkg6e8TylSpdtTpeLVMqvSBEVzTttHvERD741+pnZ8ANv0004MRL43QKPDlK9cGvNp6NZWZUBlbGXYxxng=="
		},
		"js-tokens": {
			"version": "4.0.0",
			"resolved": "https://registry.npmjs.org/js-tokens/-/js-tokens-4.0.0.tgz",
			"integrity": "sha512-RdJUflcE3cUzKiMqQgsCu06FPu9UdIJO0beYbPhHN4k6apgJtifcoCtT9bcxOpYBtpD2kCM6Sbzg4CausW/PKQ=="
		},
		"loose-envify": {
			"version": "1.4.0",
			"resolved": "https://registry.npmjs.org/loose-envify/-/loose-envify-1.4.0.tgz",
			"integrity": "sha512-lyuxPGr/Wfhrlem2CL/UcnUc1zcqKAImBDzukY7Y5F/yQiNdko6+fRLevlw1HgMySw7f611UIY408EtxRSoK3Q==",
			"requires": {
				"js-tokens": "^3.0.0 || ^4.0.0"
			}
		},
		"nanoid": {
			"version": "3.3.2",
			"resolved": "https://registry.npmjs.org/nanoid/-/nanoid-3.3.2.tgz",
			"integrity": "sha512-CuHBogktKwpm5g2sRgv83jEy2ijFzBwMoYA60orPDR7ynsLijJDqgsi4RDGj3OJpy3Ieb+LYwiRmIOGyytgITA=="
		},
		"next": {
			"version": "12.1.3-canary.0",
			"resolved": "https://registry.npmjs.org/next/-/next-12.1.3-canary.0.tgz",
			"integrity": "sha512-MrO8Ske7lewrsmnuXQcmmEO0pC+rGnv9TVP3cqiO/AwseVsyEhbPGB546O233A3RZwFeqx+Z9o79e+SgL4wTIw==",
			"requires": {
				"@next/env": "12.1.3-canary.0",
				"@next/swc-android-arm-eabi": "12.1.3-canary.0",
				"@next/swc-android-arm64": "12.1.3-canary.0",
				"@next/swc-darwin-arm64": "12.1.3-canary.0",
				"@next/swc-darwin-x64": "12.1.3-canary.0",
				"@next/swc-linux-arm-gnueabihf": "12.1.3-canary.0",
				"@next/swc-linux-arm64-gnu": "12.1.3-canary.0",
				"@next/swc-linux-arm64-musl": "12.1.3-canary.0",
				"@next/swc-linux-x64-gnu": "12.1.3-canary.0",
				"@next/swc-linux-x64-musl": "12.1.3-canary.0",
				"@next/swc-win32-arm64-msvc": "12.1.3-canary.0",
				"@next/swc-win32-ia32-msvc": "12.1.3-canary.0",
				"@next/swc-win32-x64-msvc": "12.1.3-canary.0",
				"caniuse-lite": "^1.0.30001283",
				"postcss": "8.4.5",
				"styled-jsx": "5.0.1",
				"use-subscription": "1.5.1"
			}
		},
		"normalize-path": {
			"version": "3.0.0",
			"resolved": "https://registry.npmjs.org/normalize-path/-/normalize-path-3.0.0.tgz",
			"integrity": "sha512-6eZs5Ls3WtCisHWp9S2GUy8dqkpGi4BVSz3GaqiE6ezub0512ESztXUwUB6C6IKbQkY2Pnb/mD4WYojCRwcwLA=="
		},
		"object-assign": {
			"version": "4.1.1",
			"resolved": "https://registry.npmjs.org/object-assign/-/object-assign-4.1.1.tgz",
			"integrity": "sha1-IQmtx5ZYh8/AXLvUQsrIv7s2CGM="
		},
		"picocolors": {
			"version": "1.0.0",
			"resolved": "https://registry.npmjs.org/picocolors/-/picocolors-1.0.0.tgz",
			"integrity": "sha512-1fygroTLlHu66zi26VoTDv8yRgm0Fccecssto+MhsZ0D/DGW2sm8E8AjW7NU5VVTRt5GxbeZ5qBuJr+HyLYkjQ=="
		},
		"picomatch": {
			"version": "2.3.1",
			"resolved": "https://registry.npmjs.org/picomatch/-/picomatch-2.3.1.tgz",
			"integrity": "sha512-JU3teHTNjmE2VCGFzuY8EXzCDVwEqB2a8fsIvwaStHhAWJEeVd1o1QD80CU6+ZdEXXSLbSsuLwJjkCBWqRQUVA=="
		},
		"postcss": {
			"version": "8.4.5",
			"resolved": "https://registry.npmjs.org/postcss/-/postcss-8.4.5.tgz",
			"integrity": "sha512-jBDboWM8qpaqwkMwItqTQTiFikhs/67OYVvblFFTM7MrZjt6yMKd6r2kgXizEbTTljacm4NldIlZnhbjr84QYg==",
			"requires": {
				"nanoid": "^3.1.30",
				"picocolors": "^1.0.0",
				"source-map-js": "^1.0.1"
			}
		},
		"react": {
			"version": "17.0.2",
			"resolved": "https://registry.npmjs.org/react/-/react-17.0.2.tgz",
			"integrity": "sha512-gnhPt75i/dq/z3/6q/0asP78D0u592D5L1pd7M8P+dck6Fu/jJeL6iVVK23fptSUZj8Vjf++7wXA8UNclGQcbA==",
			"requires": {
				"loose-envify": "^1.1.0",
				"object-assign": "^4.1.1"
			}
		},
		"react-dom": {
			"version": "17.0.2",
			"resolved": "https://registry.npmjs.org/react-dom/-/react-dom-17.0.2.tgz",
			"integrity": "sha512-s4h96KtLDUQlsENhMn1ar8t2bEa+q/YAtj8pPPdIjPDGBDIVNsrD9aXNWqspUe6AzKCIG0C1HZZLqLV7qpOBGA==",
			"requires": {
				"loose-envify": "^1.1.0",
				"object-assign": "^4.1.1",
				"scheduler": "^0.20.2"
			}
		},
		"readdirp": {
			"version": "3.6.0",
			"resolved": "https://registry.npmjs.org/readdirp/-/readdirp-3.6.0.tgz",
			"integrity": "sha512-hOS089on8RduqdbhvQ5Z37A0ESjsqz6qnRcffsMU3495FuTdqSm+7bhJ29JvIOsBDEEnan5DPu9t3To9VRlMzA==",
			"requires": {
				"picomatch": "^2.2.1"
			}
		},
		"sass": {
			"version": "1.49.9",
			"resolved": "https://registry.npmjs.org/sass/-/sass-1.49.9.tgz",
			"integrity": "sha512-YlYWkkHP9fbwaFRZQRXgDi3mXZShslVmmo+FVK3kHLUELHHEYrCmL1x6IUjC7wLS6VuJSAFXRQS/DxdsC4xL1A==",
			"requires": {
				"chokidar": ">=3.0.0 <4.0.0",
				"immutable": "^4.0.0",
				"source-map-js": ">=0.6.2 <2.0.0"
			}
		},
		"scheduler": {
			"version": "0.20.2",
			"resolved": "https://registry.npmjs.org/scheduler/-/scheduler-0.20.2.tgz",
			"integrity": "sha512-2eWfGgAqqWFGqtdMmcL5zCMK1U8KlXv8SQFGglL3CEtd0aDVDWgeF/YoCmvln55m5zSk3J/20hTaSBeSObsQDQ==",
			"requires": {
				"loose-envify": "^1.1.0",
				"object-assign": "^4.1.1"
			}
		},
		"source-map-js": {
			"version": "1.0.2",
			"resolved": "https://registry.npmjs.org/source-map-js/-/source-map-js-1.0.2.tgz",
			"integrity": "sha512-R0XvVJ9WusLiqTCEiGCmICCMplcCkIwwR11mOSD9CR5u+IXYdiseeEuXCVAjS54zqwkLcPNnmU4OeJ6tUrWhDw=="
		},
		"styled-jsx": {
			"version": "5.0.1",
			"resolved": "https://registry.npmjs.org/styled-jsx/-/styled-jsx-5.0.1.tgz",
			"integrity": "sha512-+PIZ/6Uk40mphiQJJI1202b+/dYeTVd9ZnMPR80pgiWbjIwvN2zIp4r9et0BgqBuShh48I0gttPlAXA7WVvBxw==",
			"requires": {}
		},
		"to-regex-range": {
			"version": "5.0.1",
			"resolved": "https://registry.npmjs.org/to-regex-range/-/to-regex-range-5.0.1.tgz",
			"integrity": "sha512-65P7iz6X5yEr1cwcgvQxbbIw7Uk3gOy5dIdtZ4rDveLqhrdJP+Li/Hx6tyK0NEb+2GCyneCMJiGqrADCSNk8sQ==",
			"requires": {
				"is-number": "^7.0.0"
			}
		},
		"typescript": {
			"version": "4.6.3",
			"resolved": "https://registry.npmjs.org/typescript/-/typescript-4.6.3.tgz",
			"integrity": "sha512-yNIatDa5iaofVozS/uQJEl3JRWLKKGJKh6Yaiv0GLGSuhpFJe7P3SbHZ8/yjAHRQwKRoA6YZqlfjXWmVzoVSMw==",
			"dev": true
		},
		"use-subscription": {
			"version": "1.5.1",
			"resolved": "https://registry.npmjs.org/use-subscription/-/use-subscription-1.5.1.tgz",
			"integrity": "sha512-Xv2a1P/yReAjAbhylMfFplFKj9GssgTwN7RlcTxBujFQcloStWNDQdc4g4NRWH9xS4i/FDk04vQBptAXoF3VcA==",
			"requires": {
				"object-assign": "^4.1.1"
			}
		}
	}
}
